<?xml version="1.0" encoding="UTF-8"?>
<Scheme
   version = "1.3">
   <BuildAction>
      <BuildActionEntries>
         <BuildActionEntry
            buildForRunning = "YES">
            <BuildableReference
               BuildableIdentifier = "primary"
               BlueprintIdentifier = "44A1A4AF2249751400628C1D"
               BuildableName = "HeapPriorityQueue"
               BlueprintName = "HeapPriorityQueue"
               ReferencedContainer = "container:HeapPriorityQueue.xcodeproj">
            </BuildableReference>
         </BuildActionEntry>
      </BuildActionEntries>
   </BuildAction>
   <LaunchAction
      useCustomWorkingDirectory = "NO"
      buildConfiguration = "Debug"
      allowLocationSimulation = "YES">
      <BuildableProductRunnable>
         <BuildableReference
            BuildableIdentifier = "primary"
            BlueprintIdentifier = "44A1A4AF2249751400628C1D"
            BuildableName = "HeapPriorityQueue"
            BlueprintName = "HeapPriorityQueue"
            ReferencedContainer = "container:HeapPriorityQueue.xcodeproj">
         </BuildableReference>
      </BuildableProductRunnable>
   </LaunchAction>
</Scheme>
