// !$*UTF8*$!
{
	archiveVersion = 1;
	classes = {
	};
	objectVersion = 50;
	objects = {

/* Begin PBXBuildFile section */
		247B0E2BF630A6AF5B5FE608 /* Crawl.swift in Sources */ = {isa = PBXBuildFile; fileRef = 247B0DB9442249B7B2D09415 /* Crawl.swift */; };
		444BA73C223815070053AC21 /* String+DPStringTool.swift in Sources */ = {isa = PBXBuildFile; fileRef = 444BA73B223815070053AC21 /* String+DPStringTool.swift */; };
		444BA73E223823BF0053AC21 /* Evaluate.swift in Sources */ = {isa = PBXBuildFile; fileRef = 444BA73D223823BF0053AC21 /* Evaluate.swift */; };
		444BA7412238508B0053AC21 /* Sortings.swift in Sources */ = {isa = PBXBuildFile; fileRef = 444BA7402238508B0053AC21 /* Sortings.swift */; };
		444BA75F22399E290053AC21 /* main.swift in Sources */ = {isa = PBXBuildFile; fileRef = 444BA75E22399E290053AC21 /* main.swift */; };
		444BA76A223AF1500053AC21 /* main.swift in Sources */ = {isa = PBXBuildFile; fileRef = 444BA769223AF1500053AC21 /* main.swift */; };
		444BA76F223AF16B0053AC21 /* BackTracking.swift in Sources */ = {isa = PBXBuildFile; fileRef = 444BA76E223AF16B0053AC21 /* BackTracking.swift */; };
		444BA777223C43B50053AC21 /* main.swift in Sources */ = {isa = PBXBuildFile; fileRef = 444BA776223C43B50053AC21 /* main.swift */; };
		444BA782223C5E920053AC21 /* main.swift in Sources */ = {isa = PBXBuildFile; fileRef = 444BA781223C5E920053AC21 /* main.swift */; };
		444BA79E22400CC50053AC21 /* main.swift in Sources */ = {isa = PBXBuildFile; fileRef = 444BA79D22400CC50053AC21 /* main.swift */; };
		444BA7A422400D420053AC21 /* QueensSolver.swift in Sources */ = {isa = PBXBuildFile; fileRef = 444BA7A222400D3F0053AC21 /* QueensSolver.swift */; };
		444BA7A522400D420053AC21 /* Board.swift in Sources */ = {isa = PBXBuildFile; fileRef = 444BA7A322400D420053AC21 /* Board.swift */; };
		44C0CE3F2231E2B500352590 /* main.swift in Sources */ = {isa = PBXBuildFile; fileRef = 44C0CE3E2231E2B500352590 /* main.swift */; };
		44C0CE462231E2E600352590 /* Search.swift in Sources */ = {isa = PBXBuildFile; fileRef = 44C0CE452231E2E600352590 /* Search.swift */; };
		44C0CE4E2233210000352590 /* main.swift in Sources */ = {isa = PBXBuildFile; fileRef = 44C0CE4D2233210000352590 /* main.swift */; };
/* End PBXBuildFile section */

/* Begin PBXCopyFilesBuildPhase section */
		444BA75A22399E290053AC21 /* CopyFiles */ = {
			isa = PBXCopyFilesBuildPhase;
			buildActionMask = 2147483647;
			dstPath = /usr/share/man/man1/;
			dstSubfolderSpec = 0;
			files = (
			);
			runOnlyForDeploymentPostprocessing = 1;
		};
		444BA765223AF1500053AC21 /* CopyFiles */ = {
			isa = PBXCopyFilesBuildPhase;
			buildActionMask = 2147483647;
			dstPath = /usr/share/man/man1/;
			dstSubfolderSpec = 0;
			files = (
			);
			runOnlyForDeploymentPostprocessing = 1;
		};
		444BA772223C43B50053AC21 /* CopyFiles */ = {
			isa = PBXCopyFilesBuildPhase;
			buildActionMask = 2147483647;
			dstPath = /usr/share/man/man1/;
			dstSubfolderSpec = 0;
			files = (
			);
			runOnlyForDeploymentPostprocessing = 1;
		};
		444BA77D223C5E920053AC21 /* CopyFiles */ = {
			isa = PBXCopyFilesBuildPhase;
			buildActionMask = 2147483647;
			dstPath = /usr/share/man/man1/;
			dstSubfolderSpec = 0;
			files = (
			);
			runOnlyForDeploymentPostprocessing = 1;
		};
		444BA79922400CC50053AC21 /* CopyFiles */ = {
			isa = PBXCopyFilesBuildPhase;
			buildActionMask = 2147483647;
			dstPath = /usr/share/man/man1/;
			dstSubfolderSpec = 0;
			files = (
			);
			runOnlyForDeploymentPostprocessing = 1;
		};
		44C0CE392231E2B400352590 /* CopyFiles */ = {
			isa = PBXCopyFilesBuildPhase;
			buildActionMask = 2147483647;
			dstPath = /usr/share/man/man1/;
			dstSubfolderSpec = 0;
			files = (
			);
			runOnlyForDeploymentPostprocessing = 1;
		};
		44C0CE492233210000352590 /* CopyFiles */ = {
			isa = PBXCopyFilesBuildPhase;
			buildActionMask = 2147483647;
			dstPath = /usr/share/man/man1/;
			dstSubfolderSpec = 0;
			files = (
			);
			runOnlyForDeploymentPostprocessing = 1;
		};
/* End PBXCopyFilesBuildPhase section */

/* Begin PBXFileReference section */
		247B0DB9442249B7B2D09415 /* Crawl.swift */ = {isa = PBXFileReference; fileEncoding = 4; lastKnownFileType = sourcecode.swift; path = Crawl.swift; sourceTree = "<group>"; };
		444BA73B223815070053AC21 /* String+DPStringTool.swift */ = {isa = PBXFileReference; lastKnownFileType = sourcecode.swift; path = "String+DPStringTool.swift"; sourceTree = "<group>"; };
		444BA73D223823BF0053AC21 /* Evaluate.swift */ = {isa = PBXFileReference; lastKnownFileType = sourcecode.swift; path = Evaluate.swift; sourceTree = "<group>"; };
		444BA7402238508B0053AC21 /* Sortings.swift */ = {isa = PBXFileReference; lastKnownFileType = sourcecode.swift; path = Sortings.swift; sourceTree = "<group>"; };
		444BA75C22399E290053AC21 /* MiniProject */ = {isa = PBXFileReference; explicitFileType = "compiled.mach-o.executable"; includeInIndex = 0; path = MiniProject; sourceTree = BUILT_PRODUCTS_DIR; };
		444BA75E22399E290053AC21 /* main.swift */ = {isa = PBXFileReference; lastKnownFileType = sourcecode.swift; path = main.swift; sourceTree = "<group>"; };
		444BA767223AF1500053AC21 /* BackTracking */ = {isa = PBXFileReference; explicitFileType = "compiled.mach-o.executable"; includeInIndex = 0; path = BackTracking; sourceTree = BUILT_PRODUCTS_DIR; };
		444BA769223AF1500053AC21 /* main.swift */ = {isa = PBXFileReference; lastKnownFileType = sourcecode.swift; path = main.swift; sourceTree = "<group>"; };
		444BA76E223AF16B0053AC21 /* BackTracking.swift */ = {isa = PBXFileReference; lastKnownFileType = sourcecode.swift; path = BackTracking.swift; sourceTree = "<group>"; };
		444BA774223C43B50053AC21 /* RemoteControler */ = {isa = PBXFileReference; explicitFileType = "compiled.mach-o.executable"; includeInIndex = 0; path = RemoteControler; sourceTree = BUILT_PRODUCTS_DIR; };
		444BA776223C43B50053AC21 /* main.swift */ = {isa = PBXFileReference; lastKnownFileType = sourcecode.swift; path = main.swift; sourceTree = "<group>"; };
		444BA77F223C5E920053AC21 /* Lotto */ = {isa = PBXFileReference; explicitFileType = "compiled.mach-o.executable"; includeInIndex = 0; path = Lotto; sourceTree = BUILT_PRODUCTS_DIR; };
		444BA781223C5E920053AC21 /* main.swift */ = {isa = PBXFileReference; lastKnownFileType = sourcecode.swift; path = main.swift; sourceTree = "<group>"; };
		444BA79B22400CC50053AC21 /* MiniProject2 */ = {isa = PBXFileReference; explicitFileType = "compiled.mach-o.executable"; includeInIndex = 0; path = MiniProject2; sourceTree = BUILT_PRODUCTS_DIR; };
		444BA79D22400CC50053AC21 /* main.swift */ = {isa = PBXFileReference; lastKnownFileType = sourcecode.swift; path = main.swift; sourceTree = "<group>"; };
		444BA7A222400D3F0053AC21 /* QueensSolver.swift */ = {isa = PBXFileReference; fileEncoding = 4; lastKnownFileType = sourcecode.swift; path = QueensSolver.swift; sourceTree = "<group>"; };
		444BA7A322400D420053AC21 /* Board.swift */ = {isa = PBXFileReference; fileEncoding = 4; lastKnownFileType = sourcecode.swift; path = Board.swift; sourceTree = "<group>"; };
		44C0CE3B2231E2B500352590 /* SwiftAGDS */ = {isa = PBXFileReference; explicitFileType = "compiled.mach-o.executable"; includeInIndex = 0; path = SwiftAGDS; sourceTree = BUILT_PRODUCTS_DIR; };
		44C0CE3E2231E2B500352590 /* main.swift */ = {isa = PBXFileReference; lastKnownFileType = sourcecode.swift; path = main.swift; sourceTree = "<group>"; };
		44C0CE452231E2E600352590 /* Search.swift */ = {isa = PBXFileReference; lastKnownFileType = sourcecode.swift; path = Search.swift; sourceTree = "<group>"; };
		44C0CE4B2233210000352590 /* Recursive */ = {isa = PBXFileReference; explicitFileType = "compiled.mach-o.executable"; includeInIndex = 0; path = Recursive; sourceTree = BUILT_PRODUCTS_DIR; };
		44C0CE4D2233210000352590 /* main.swift */ = {isa = PBXFileReference; lastKnownFileType = sourcecode.swift; path = main.swift; sourceTree = "<group>"; };
		44C0CE522233373D00352590 /* File.txt */ = {isa = PBXFileReference; lastKnownFileType = text; path = File.txt; sourceTree = "<group>"; };
/* End PBXFileReference section */

/* Begin PBXFrameworksBuildPhase section */
		444BA75922399E290053AC21 /* Frameworks */ = {
			isa = PBXFrameworksBuildPhase;
			buildActionMask = 2147483647;
			files = (
			);
			runOnlyForDeploymentPostprocessing = 0;
		};
		444BA764223AF1500053AC21 /* Frameworks */ = {
			isa = PBXFrameworksBuildPhase;
			buildActionMask = 2147483647;
			files = (
			);
			runOnlyForDeploymentPostprocessing = 0;
		};
		444BA771223C43B50053AC21 /* Frameworks */ = {
			isa = PBXFrameworksBuildPhase;
			buildActionMask = 2147483647;
			files = (
			);
			runOnlyForDeploymentPostprocessing = 0;
		};
		444BA77C223C5E920053AC21 /* Frameworks */ = {
			isa = PBXFrameworksBuildPhase;
			buildActionMask = 2147483647;
			files = (
			);
			runOnlyForDeploymentPostprocessing = 0;
		};
		444BA79822400CC50053AC21 /* Frameworks */ = {
			isa = PBXFrameworksBuildPhase;
			buildActionMask = 2147483647;
			files = (
			);
			runOnlyForDeploymentPostprocessing = 0;
		};
		44C0CE382231E2B400352590 /* Frameworks */ = {
			isa = PBXFrameworksBuildPhase;
			buildActionMask = 2147483647;
			files = (
			);
			runOnlyForDeploymentPostprocessing = 0;
		};
		44C0CE482233210000352590 /* Frameworks */ = {
			isa = PBXFrameworksBuildPhase;
			buildActionMask = 2147483647;
			files = (
			);
			runOnlyForDeploymentPostprocessing = 0;
		};
/* End PBXFrameworksBuildPhase section */

/* Begin PBXGroup section */
		444BA75D22399E290053AC21 /* MiniProject */ = {
			isa = PBXGroup;
			children = (
				444BA75E22399E290053AC21 /* main.swift */,
				247B0DB9442249B7B2D09415 /* Crawl.swift */,
			);
			path = MiniProject;
			sourceTree = "<group>";
		};
		444BA768223AF1500053AC21 /* BackTracking */ = {
			isa = PBXGroup;
			children = (
				444BA769223AF1500053AC21 /* main.swift */,
				444BA76E223AF16B0053AC21 /* BackTracking.swift */,
			);
			path = BackTracking;
			sourceTree = "<group>";
		};
		444BA775223C43B50053AC21 /* RemoteControler */ = {
			isa = PBXGroup;
			children = (
				444BA776223C43B50053AC21 /* main.swift */,
			);
			path = RemoteControler;
			sourceTree = "<group>";
		};
		444BA780223C5E920053AC21 /* Lotto */ = {
			isa = PBXGroup;
			children = (
				444BA781223C5E920053AC21 /* main.swift */,
			);
			path = Lotto;
			sourceTree = "<group>";
		};
		444BA79C22400CC50053AC21 /* MiniProject2 */ = {
			isa = PBXGroup;
			children = (
				444BA7A322400D420053AC21 /* Board.swift */,
				444BA7A222400D3F0053AC21 /* QueensSolver.swift */,
				444BA79D22400CC50053AC21 /* main.swift */,
			);
			path = MiniProject2;
			sourceTree = "<group>";
		};
		44C0CE322231E2B400352590 = {
			isa = PBXGroup;
			children = (
				44C0CE3D2231E2B500352590 /* SwiftAGDS */,
				44C0CE4C2233210000352590 /* Recursive */,
				444BA75D22399E290053AC21 /* MiniProject */,
				444BA768223AF1500053AC21 /* BackTracking */,
				444BA775223C43B50053AC21 /* RemoteControler */,
				444BA780223C5E920053AC21 /* Lotto */,
				444BA79C22400CC50053AC21 /* MiniProject2 */,
				44C0CE3C2231E2B500352590 /* Products */,
			);
			sourceTree = "<group>";
		};
		44C0CE3C2231E2B500352590 /* Products */ = {
			isa = PBXGroup;
			children = (
				44C0CE3B2231E2B500352590 /* SwiftAGDS */,
				44C0CE4B2233210000352590 /* Recursive */,
				444BA75C22399E290053AC21 /* MiniProject */,
				444BA767223AF1500053AC21 /* BackTracking */,
				444BA774223C43B50053AC21 /* RemoteControler */,
				444BA77F223C5E920053AC21 /* Lotto */,
				444BA79B22400CC50053AC21 /* MiniProject2 */,
			);
			name = Products;
			sourceTree = "<group>";
		};
		44C0CE3D2231E2B500352590 /* SwiftAGDS */ = {
			isa = PBXGroup;
			children = (
				44C0CE3E2231E2B500352590 /* main.swift */,
				44C0CE452231E2E600352590 /* Search.swift */,
				444BA7402238508B0053AC21 /* Sortings.swift */,
			);
			path = SwiftAGDS;
			sourceTree = "<group>";
		};
		44C0CE4C2233210000352590 /* Recursive */ = {
			isa = PBXGroup;
			children = (
				44C0CE4D2233210000352590 /* main.swift */,
				44C0CE522233373D00352590 /* File.txt */,
				444BA73B223815070053AC21 /* String+DPStringTool.swift */,
				444BA73D223823BF0053AC21 /* Evaluate.swift */,
			);
			path = Recursive;
			sourceTree = "<group>";
		};
/* End PBXGroup section */

/* Begin PBXNativeTarget section */
		444BA75B22399E290053AC21 /* MiniProject */ = {
			isa = PBXNativeTarget;
			buildConfigurationList = 444BA76022399E290053AC21 /* Build configuration list for PBXNativeTarget "MiniProject" */;
			buildPhases = (
				444BA75822399E290053AC21 /* Sources */,
				444BA75922399E290053AC21 /* Frameworks */,
				444BA75A22399E290053AC21 /* CopyFiles */,
			);
			buildRules = (
			);
			dependencies = (
			);
			name = MiniProject;
			productName = MiniProject;
			productReference = 444BA75C22399E290053AC21 /* MiniProject */;
			productType = "com.apple.product-type.tool";
		};
		444BA766223AF1500053AC21 /* BackTracking */ = {
			isa = PBXNativeTarget;
			buildConfigurationList = 444BA76D223AF1500053AC21 /* Build configuration list for PBXNativeTarget "BackTracking" */;
			buildPhases = (
				444BA763223AF1500053AC21 /* Sources */,
				444BA764223AF1500053AC21 /* Frameworks */,
				444BA765223AF1500053AC21 /* CopyFiles */,
			);
			buildRules = (
			);
			dependencies = (
			);
			name = BackTracking;
			productName = BackTracking;
			productReference = 444BA767223AF1500053AC21 /* BackTracking */;
			productType = "com.apple.product-type.tool";
		};
		444BA773223C43B50053AC21 /* RemoteControler */ = {
			isa = PBXNativeTarget;
			buildConfigurationList = 444BA778223C43B50053AC21 /* Build configuration list for PBXNativeTarget "RemoteControler" */;
			buildPhases = (
				444BA770223C43B50053AC21 /* Sources */,
				444BA771223C43B50053AC21 /* Frameworks */,
				444BA772223C43B50053AC21 /* CopyFiles */,
			);
			buildRules = (
			);
			dependencies = (
			);
			name = RemoteControler;
			productName = RemoteControler;
			productReference = 444BA774223C43B50053AC21 /* RemoteControler */;
			productType = "com.apple.product-type.tool";
		};
		444BA77E223C5E920053AC21 /* Lotto */ = {
			isa = PBXNativeTarget;
			buildConfigurationList = 444BA783223C5E920053AC21 /* Build configuration list for PBXNativeTarget "Lotto" */;
			buildPhases = (
				444BA77B223C5E920053AC21 /* Sources */,
				444BA77C223C5E920053AC21 /* Frameworks */,
				444BA77D223C5E920053AC21 /* CopyFiles */,
			);
			buildRules = (
			);
			dependencies = (
			);
			name = Lotto;
			productName = Lotto;
			productReference = 444BA77F223C5E920053AC21 /* Lotto */;
			productType = "com.apple.product-type.tool";
		};
		444BA79A22400CC50053AC21 /* MiniProject2 */ = {
			isa = PBXNativeTarget;
			buildConfigurationList = 444BA7A122400CC50053AC21 /* Build configuration list for PBXNativeTarget "MiniProject2" */;
			buildPhases = (
				444BA79722400CC50053AC21 /* Sources */,
				444BA79822400CC50053AC21 /* Frameworks */,
				444BA79922400CC50053AC21 /* CopyFiles */,
			);
			buildRules = (
			);
			dependencies = (
			);
			name = MiniProject2;
			productName = MiniProject2;
			productReference = 444BA79B22400CC50053AC21 /* MiniProject2 */;
			productType = "com.apple.product-type.tool";
		};
		44C0CE3A2231E2B400352590 /* SwiftAGDS */ = {
			isa = PBXNativeTarget;
			buildConfigurationList = 44C0CE422231E2B500352590 /* Build configuration list for PBXNativeTarget "SwiftAGDS" */;
			buildPhases = (
				44C0CE372231E2B400352590 /* Sources */,
				44C0CE382231E2B400352590 /* Frameworks */,
				44C0CE392231E2B400352590 /* CopyFiles */,
			);
			buildRules = (
			);
			dependencies = (
			);
			name = SwiftAGDS;
			productName = SwiftAGDS;
			productReference = 44C0CE3B2231E2B500352590 /* SwiftAGDS */;
			productType = "com.apple.product-type.tool";
		};
		44C0CE4A2233210000352590 /* Recursive */ = {
			isa = PBXNativeTarget;
			buildConfigurationList = 44C0CE512233210000352590 /* Build configuration list for PBXNativeTarget "Recursive" */;
			buildPhases = (
				44C0CE472233210000352590 /* Sources */,
				44C0CE482233210000352590 /* Frameworks */,
				44C0CE492233210000352590 /* CopyFiles */,
			);
			buildRules = (
			);
			dependencies = (
			);
			name = Recursive;
			productName = Recursive;
			productReference = 44C0CE4B2233210000352590 /* Recursive */;
			productType = "com.apple.product-type.tool";
		};
/* End PBXNativeTarget section */

/* Begin PBXProject section */
		44C0CE332231E2B400352590 /* Project object */ = {
			isa = PBXProject;
			attributes = {
				LastSwiftUpdateCheck = 1010;
				LastUpgradeCheck = 1010;
				ORGANIZATIONNAME = nator333;
				TargetAttributes = {
					444BA75B22399E290053AC21 = {
						CreatedOnToolsVersion = 10.1;
					};
					444BA766223AF1500053AC21 = {
						CreatedOnToolsVersion = 10.1;
					};
					444BA773223C43B50053AC21 = {
						CreatedOnToolsVersion = 10.1;
					};
					444BA77E223C5E920053AC21 = {
						CreatedOnToolsVersion = 10.1;
					};
					444BA79A22400CC50053AC21 = {
						CreatedOnToolsVersion = 10.1;
					};
					44C0CE3A2231E2B400352590 = {
						CreatedOnToolsVersion = 10.1;
					};
					44C0CE4A2233210000352590 = {
						CreatedOnToolsVersion = 10.1;
					};
				};
			};
			buildConfigurationList = 44C0CE362231E2B400352590 /* Build configuration list for PBXProject "SwiftAGDS" */;
			compatibilityVersion = "Xcode 9.3";
			developmentRegion = en;
			hasScannedForEncodings = 0;
			knownRegions = (
				en,
			);
			mainGroup = 44C0CE322231E2B400352590;
			productRefGroup = 44C0CE3C2231E2B500352590 /* Products */;
			projectDirPath = "";
			projectRoot = "";
			targets = (
				44C0CE3A2231E2B400352590 /* SwiftAGDS */,
				44C0CE4A2233210000352590 /* Recursive */,
				444BA75B22399E290053AC21 /* MiniProject */,
				444BA766223AF1500053AC21 /* BackTracking */,
				444BA773223C43B50053AC21 /* RemoteControler */,
				444BA77E223C5E920053AC21 /* Lotto */,
				444BA79A22400CC50053AC21 /* MiniProject2 */,
			);
		};
/* End PBXProject section */

/* Begin PBXSourcesBuildPhase section */
		444BA75822399E290053AC21 /* Sources */ = {
			isa = PBXSourcesBuildPhase;
			buildActionMask = 2147483647;
			files = (
				444BA75F22399E290053AC21 /* main.swift in Sources */,
				247B0E2BF630A6AF5B5FE608 /* Crawl.swift in Sources */,
			);
			runOnlyForDeploymentPostprocessing = 0;
		};
		444BA763223AF1500053AC21 /* Sources */ = {
			isa = PBXSourcesBuildPhase;
			buildActionMask = 2147483647;
			files = (
				444BA76A223AF1500053AC21 /* main.swift in Sources */,
				444BA76F223AF16B0053AC21 /* BackTracking.swift in Sources */,
			);
			runOnlyForDeploymentPostprocessing = 0;
		};
		444BA770223C43B50053AC21 /* Sources */ = {
			isa = PBXSourcesBuildPhase;
			buildActionMask = 2147483647;
			files = (
				444BA777223C43B50053AC21 /* main.swift in Sources */,
			);
			runOnlyForDeploymentPostprocessing = 0;
		};
		444BA77B223C5E920053AC21 /* Sources */ = {
			isa = PBXSourcesBuildPhase;
			buildActionMask = 2147483647;
			files = (
				444BA782223C5E920053AC21 /* main.swift in Sources */,
			);
			runOnlyForDeploymentPostprocessing = 0;
		};
		444BA79722400CC50053AC21 /* Sources */ = {
			isa = PBXSourcesBuildPhase;
			buildActionMask = 2147483647;
			files = (
				444BA79E22400CC50053AC21 /* main.swift in Sources */,
				444BA7A422400D420053AC21 /* QueensSolver.swift in Sources */,
				444BA7A522400D420053AC21 /* Board.swift in Sources */,
			);
			runOnlyForDeploymentPostprocessing = 0;
		};
		44C0CE372231E2B400352590 /* Sources */ = {
			isa = PBXSourcesBuildPhase;
			buildActionMask = 2147483647;
			files = (
				44C0CE462231E2E600352590 /* Search.swift in Sources */,
				444BA7412238508B0053AC21 /* Sortings.swift in Sources */,
				44C0CE3F2231E2B500352590 /* main.swift in Sources */,
			);
			runOnlyForDeploymentPostprocessing = 0;
		};
		44C0CE472233210000352590 /* Sources */ = {
			isa = PBXSourcesBuildPhase;
			buildActionMask = 2147483647;
			files = (
				44C0CE4E2233210000352590 /* main.swift in Sources */,
				444BA73C223815070053AC21 /* String+DPStringTool.swift in Sources */,
				444BA73E223823BF0053AC21 /* Evaluate.swift in Sources */,
			);
			runOnlyForDeploymentPostprocessing = 0;
		};
/* End PBXSourcesBuildPhase section */

/* Begin XCBuildConfiguration section */
		444BA76122399E290053AC21 /* Debug */ = {
			isa = XCBuildConfiguration;
			buildSettings = {
				CODE_SIGN_STYLE = Automatic;
				DEVELOPMENT_TEAM = S4M29F35X6;
				PRODUCT_NAME = "$(TARGET_NAME)";
				SWIFT_VERSION = 4.2;
			};
			name = Debug;
		};
		444BA76222399E290053AC21 /* Release */ = {
			isa = XCBuildConfiguration;
			buildSettings = {
				CODE_SIGN_STYLE = Automatic;
				DEVELOPMENT_TEAM = S4M29F35X6;
				PRODUCT_NAME = "$(TARGET_NAME)";
				SWIFT_VERSION = 4.2;
			};
			name = Release;
		};
		444BA76B223AF1500053AC21 /* Debug */ = {
			isa = XCBuildConfiguration;
			buildSettings = {
				CODE_SIGN_STYLE = Automatic;
				DEVELOPMENT_TEAM = S4M29F35X6;
				PRODUCT_NAME = "$(TARGET_NAME)";
				SWIFT_VERSION = 4.2;
			};
			name = Debug;
		};
		444BA76C223AF1500053AC21 /* Release */ = {
			isa = XCBuildConfiguration;
			buildSettings = {
				CODE_SIGN_STYLE = Automatic;
				DEVELOPMENT_TEAM = S4M29F35X6;
				PRODUCT_NAME = "$(TARGET_NAME)";
				SWIFT_VERSION = 4.2;
			};
			name = Release;
		};
		444BA779223C43B50053AC21 /* Debug */ = {
			isa = XCBuildConfiguration;
			buildSettings = {
				CODE_SIGN_STYLE = Automatic;
				DEVELOPMENT_TEAM = S4M29F35X6;
				PRODUCT_NAME = "$(TARGET_NAME)";
				SWIFT_VERSION = 4.2;
			};
			name = Debug;
		};
		444BA77A223C43B50053AC21 /* Release */ = {
			isa = XCBuildConfiguration;
			buildSettings = {
				CODE_SIGN_STYLE = Automatic;
				DEVELOPMENT_TEAM = S4M29F35X6;
				PRODUCT_NAME = "$(TARGET_NAME)";
				SWIFT_VERSION = 4.2;
			};
			name = Release;
		};
		444BA784223C5E920053AC21 /* Debug */ = {
			isa = XCBuildConfiguration;
			buildSettings = {
				CODE_SIGN_STYLE = Automatic;
				DEVELOPMENT_TEAM = S4M29F35X6;
				PRODUCT_NAME = "$(TARGET_NAME)";
				SWIFT_VERSION = 4.2;
			};
			name = Debug;
		};
		444BA785223C5E920053AC21 /* Release */ = {
			isa = XCBuildConfiguration;
			buildSettings = {
				CODE_SIGN_STYLE = Automatic;
				DEVELOPMENT_TEAM = S4M29F35X6;
				PRODUCT_NAME = "$(TARGET_NAME)";
				SWIFT_VERSION = 4.2;
			};
			name = Release;
		};
		444BA79F22400CC50053AC21 /* Debug */ = {
			isa = XCBuildConfiguration;
			buildSettings = {
				CODE_SIGN_STYLE = Automatic;
				DEVELOPMENT_TEAM = S4M29F35X6;
				PRODUCT_NAME = "$(TARGET_NAME)";
				SWIFT_VERSION = 4.2;
			};
			name = Debug;
		};
		444BA7A022400CC50053AC21 /* Release */ = {
			isa = XCBuildConfiguration;
			buildSettings = {
				CODE_SIGN_STYLE = Automatic;
				DEVELOPMENT_TEAM = S4M29F35X6;
				PRODUCT_NAME = "$(TARGET_NAME)";
				SWIFT_VERSION = 4.2;
			};
			name = Release;
		};
		44C0CE402231E2B500352590 /* Debug */ = {
			isa = XCBuildConfiguration;
			buildSettings = {
				ALWAYS_SEARCH_USER_PATHS = NO;
				CLANG_ANALYZER_NONNULL = YES;
				CLANG_ANALYZER_NUMBER_OBJECT_CONVERSION = YES_AGGRESSIVE;
				CLANG_CXX_LANGUAGE_STANDARD = "gnu++14";
				CLANG_CXX_LIBRARY = "libc++";
				CLANG_ENABLE_MODULES = YES;
				CLANG_ENABLE_OBJC_ARC = YES;
				CLANG_ENABLE_OBJC_WEAK = YES;
				CLANG_WARN_BLOCK_CAPTURE_AUTORELEASING = YES;
				CLANG_WARN_BOOL_CONVERSION = YES;
				CLANG_WARN_COMMA = YES;
				CLANG_WARN_CONSTANT_CONVERSION = YES;
				CLANG_WARN_DEPRECATED_OBJC_IMPLEMENTATIONS = YES;
				CLANG_WARN_DIRECT_OBJC_ISA_USAGE = YES_ERROR;
				CLANG_WARN_DOCUMENTATION_COMMENTS = YES;
				CLANG_WARN_EMPTY_BODY = YES;
				CLANG_WARN_ENUM_CONVERSION = YES;
				CLANG_WARN_INFINITE_RECURSION = YES;
				CLANG_WARN_INT_CONVERSION = YES;
				CLANG_WARN_NON_LITERAL_NULL_CONVERSION = YES;
				CLANG_WARN_OBJC_IMPLICIT_RETAIN_SELF = YES;
				CLANG_WARN_OBJC_LITERAL_CONVERSION = YES;
				CLANG_WARN_OBJC_ROOT_CLASS = YES_ERROR;
				CLANG_WARN_RANGE_LOOP_ANALYSIS = YES;
				CLANG_WARN_STRICT_PROTOTYPES = YES;
				CLANG_WARN_SUSPICIOUS_MOVE = YES;
				CLANG_WARN_UNGUARDED_AVAILABILITY = YES_AGGRESSIVE;
				CLANG_WARN_UNREACHABLE_CODE = YES;
				CLANG_WARN__DUPLICATE_METHOD_MATCH = YES;
				CODE_SIGN_IDENTITY = "Mac Developer";
				COPY_PHASE_STRIP = NO;
				DEBUG_INFORMATION_FORMAT = dwarf;
				ENABLE_STRICT_OBJC_MSGSEND = YES;
				ENABLE_TESTABILITY = YES;
				GCC_C_LANGUAGE_STANDARD = gnu11;
				GCC_DYNAMIC_NO_PIC = NO;
				GCC_NO_COMMON_BLOCKS = YES;
				GCC_OPTIMIZATION_LEVEL = 0;
				GCC_PREPROCESSOR_DEFINITIONS = (
					"DEBUG=1",
					"$(inherited)",
				);
				GCC_WARN_64_TO_32_BIT_CONVERSION = YES;
				GCC_WARN_ABOUT_RETURN_TYPE = YES_ERROR;
				GCC_WARN_UNDECLARED_SELECTOR = YES;
				GCC_WARN_UNINITIALIZED_AUTOS = YES_AGGRESSIVE;
				GCC_WARN_UNUSED_FUNCTION = YES;
				GCC_WARN_UNUSED_VARIABLE = YES;
				MACOSX_DEPLOYMENT_TARGET = 10.13;
				MTL_ENABLE_DEBUG_INFO = INCLUDE_SOURCE;
				MTL_FAST_MATH = YES;
				ONLY_ACTIVE_ARCH = YES;
				SDKROOT = macosx;
				SWIFT_ACTIVE_COMPILATION_CONDITIONS = DEBUG;
				SWIFT_OPTIMIZATION_LEVEL = "-Onone";
			};
			name = Debug;
		};
		44C0CE412231E2B500352590 /* Release */ = {
			isa = XCBuildConfiguration;
			buildSettings = {
				ALWAYS_SEARCH_USER_PATHS = NO;
				CLANG_ANALYZER_NONNULL = YES;
				CLANG_ANALYZER_NUMBER_OBJECT_CONVERSION = YES_AGGRESSIVE;
				CLANG_CXX_LANGUAGE_STANDARD = "gnu++14";
				CLANG_CXX_LIBRARY = "libc++";
				CLANG_ENABLE_MODULES = YES;
				CLANG_ENABLE_OBJC_ARC = YES;
				CLANG_ENABLE_OBJC_WEAK = YES;
				CLANG_WARN_BLOCK_CAPTURE_AUTORELEASING = YES;
				CLANG_WARN_BOOL_CONVERSION = YES;
				CLANG_WARN_COMMA = YES;
				CLANG_WARN_CONSTANT_CONVERSION = YES;
				CLANG_WARN_DEPRECATED_OBJC_IMPLEMENTATIONS = YES;
				CLANG_WARN_DIRECT_OBJC_ISA_USAGE = YES_ERROR;
				CLANG_WARN_DOCUMENTATION_COMMENTS = YES;
				CLANG_WARN_EMPTY_BODY = YES;
				CLANG_WARN_ENUM_CONVERSION = YES;
				CLANG_WARN_INFINITE_RECURSION = YES;
				CLANG_WARN_INT_CONVERSION = YES;
				CLANG_WARN_NON_LITERAL_NULL_CONVERSION = YES;
				CLANG_WARN_OBJC_IMPLICIT_RETAIN_SELF = YES;
				CLANG_WARN_OBJC_LITERAL_CONVERSION = YES;
				CLANG_WARN_OBJC_ROOT_CLASS = YES_ERROR;
				CLANG_WARN_RANGE_LOOP_ANALYSIS = YES;
				CLANG_WARN_STRICT_PROTOTYPES = YES;
				CLANG_WARN_SUSPICIOUS_MOVE = YES;
				CLANG_WARN_UNGUARDED_AVAILABILITY = YES_AGGRESSIVE;
				CLANG_WARN_UNREACHABLE_CODE = YES;
				CLANG_WARN__DUPLICATE_METHOD_MATCH = YES;
				CODE_SIGN_IDENTITY = "Mac Developer";
				COPY_PHASE_STRIP = NO;
				DEBUG_INFORMATION_FORMAT = "dwarf-with-dsym";
				ENABLE_NS_ASSERTIONS = NO;
				ENABLE_STRICT_OBJC_MSGSEND = YES;
				GCC_C_LANGUAGE_STANDARD = gnu11;
				GCC_NO_COMMON_BLOCKS = YES;
				GCC_WARN_64_TO_32_BIT_CONVERSION = YES;
				GCC_WARN_ABOUT_RETURN_TYPE = YES_ERROR;
				GCC_WARN_UNDECLARED_SELECTOR = YES;
				GCC_WARN_UNINITIALIZED_AUTOS = YES_AGGRESSIVE;
				GCC_WARN_UNUSED_FUNCTION = YES;
				GCC_WARN_UNUSED_VARIABLE = YES;
				MACOSX_DEPLOYMENT_TARGET = 10.13;
				MTL_ENABLE_DEBUG_INFO = NO;
				MTL_FAST_MATH = YES;
				SDKROOT = macosx;
				SWIFT_COMPILATION_MODE = wholemodule;
				SWIFT_OPTIMIZATION_LEVEL = "-O";
			};
			name = Release;
		};
		44C0CE432231E2B500352590 /* Debug */ = {
			isa = XCBuildConfiguration;
			buildSettings = {
				CODE_SIGN_STYLE = Automatic;
				DEVELOPMENT_TEAM = S4M29F35X6;
				PRODUCT_NAME = "$(TARGET_NAME)";
				SWIFT_VERSION = 4.2;
			};
			name = Debug;
		};
		44C0CE442231E2B500352590 /* Release */ = {
			isa = XCBuildConfiguration;
			buildSettings = {
				CODE_SIGN_STYLE = Automatic;
				DEVELOPMENT_TEAM = S4M29F35X6;
				PRODUCT_NAME = "$(TARGET_NAME)";
				SWIFT_VERSION = 4.2;
			};
			name = Release;
		};
		44C0CE4F2233210000352590 /* Debug */ = {
			isa = XCBuildConfiguration;
			buildSettings = {
				CODE_SIGN_STYLE = Automatic;
				DEVELOPMENT_TEAM = S4M29F35X6;
				PRODUCT_NAME = "$(TARGET_NAME)";
				SWIFT_VERSION = 4.2;
			};
			name = Debug;
		};
		44C0CE502233210000352590 /* Release */ = {
			isa = XCBuildConfiguration;
			buildSettings = {
				CODE_SIGN_STYLE = Automatic;
				DEVELOPMENT_TEAM = S4M29F35X6;
				PRODUCT_NAME = "$(TARGET_NAME)";
				SWIFT_VERSION = 4.2;
			};
			name = Release;
		};
/* End XCBuildConfiguration section */

/* Begin XCConfigurationList section */
		444BA76022399E290053AC21 /* Build configuration list for PBXNativeTarget "MiniProject" */ = {
			isa = XCConfigurationList;
			buildConfigurations = (
				444BA76122399E290053AC21 /* Debug */,
				444BA76222399E290053AC21 /* Release */,
			);
			defaultConfigurationIsVisible = 0;
			defaultConfigurationName = Release;
		};
		444BA76D223AF1500053AC21 /* Build configuration list for PBXNativeTarget "BackTracking" */ = {
			isa = XCConfigurationList;
			buildConfigurations = (
				444BA76B223AF1500053AC21 /* Debug */,
				444BA76C223AF1500053AC21 /* Release */,
			);
			defaultConfigurationIsVisible = 0;
			defaultConfigurationName = Release;
		};
		444BA778223C43B50053AC21 /* Build configuration list for PBXNativeTarget "RemoteControler" */ = {
			isa = XCConfigurationList;
			buildConfigurations = (
				444BA779223C43B50053AC21 /* Debug */,
				444BA77A223C43B50053AC21 /* Release */,
			);
			defaultConfigurationIsVisible = 0;
			defaultConfigurationName = Release;
		};
		444BA783223C5E920053AC21 /* Build configuration list for PBXNativeTarget "Lotto" */ = {
			isa = XCConfigurationList;
			buildConfigurations = (
				444BA784223C5E920053AC21 /* Debug */,
				444BA785223C5E920053AC21 /* Release */,
			);
			defaultConfigurationIsVisible = 0;
			defaultConfigurationName = Release;
		};
		444BA7A122400CC50053AC21 /* Build configuration list for PBXNativeTarget "MiniProject2" */ = {
			isa = XCConfigurationList;
			buildConfigurations = (
				444BA79F22400CC50053AC21 /* Debug */,
				444BA7A022400CC50053AC21 /* Release */,
			);
			defaultConfigurationIsVisible = 0;
			defaultConfigurationName = Release;
		};
		44C0CE362231E2B400352590 /* Build configuration list for PBXProject "SwiftAGDS" */ = {
			isa = XCConfigurationList;
			buildConfigurations = (
				44C0CE402231E2B500352590 /* Debug */,
				44C0CE412231E2B500352590 /* Release */,
			);
			defaultConfigurationIsVisible = 0;
			defaultConfigurationName = Release;
		};
		44C0CE422231E2B500352590 /* Build configuration list for PBXNativeTarget "SwiftAGDS" */ = {
			isa = XCConfigurationList;
			buildConfigurations = (
				44C0CE432231E2B500352590 /* Debug */,
				44C0CE442231E2B500352590 /* Release */,
			);
			defaultConfigurationIsVisible = 0;
			defaultConfigurationName = Release;
		};
		44C0CE512233210000352590 /* Build configuration list for PBXNativeTarget "Recursive" */ = {
			isa = XCConfigurationList;
			buildConfigurations = (
				44C0CE4F2233210000352590 /* Debug */,
				44C0CE502233210000352590 /* Release */,
			);
			defaultConfigurationIsVisible = 0;
			defaultConfigurationName = Release;
		};
/* End XCConfigurationList section */
	};
	rootObject = 44C0CE332231E2B400352590 /* Project object */;
}
